
Microsoft Visual Studio Solution File, Format Version 12.00
# Visual Studio Version 16
VisualStudioVersion = 16.0.31624.102
MinimumVisualStudioVersion = 10.0.40219.1
Project("{FAE04EC0-301F-11D3-BF4B-00C04F79EFBC}") = "DevOpsNieuw", "DevOpsNieuw\DevOpsNieuw.csproj", "{B4AA0A4F-33CD-4322-81E9-BBBF36456AAB}"
EndProject
Global
	GlobalSection(SolutionConfigurationPlatforms) = preSolution
		Debug|Any CPU = Debug|Any CPU
		Release|Any CPU = Release|Any CPU
	EndGlobalSection
	GlobalSection(ProjectConfigurationPlatforms) = postSolution
		{B4AA0A4F-33CD-4322-81E9-BBBF36456AAB}.Debug|Any CPU.ActiveCfg = Debug|Any CPU
		{B4AA0A4F-33CD-4322-81E9-BBBF36456AAB}.Debug|Any CPU.Build.0 = Debug|Any CPU
		{B4AA0A4F-33CD-4322-81E9-BBBF36456AAB}.Release|Any CPU.ActiveCfg = Release|Any CPU
		{B4AA0A4F-33CD-4322-81E9-BBBF36456AAB}.Release|Any CPU.Build.0 = Release|Any CPU
	EndGlobalSection
	GlobalSection(SolutionProperties) = preSolution
		HideSolutionNode = FALSE
	EndGlobalSection
	GlobalSection(ExtensibilityGlobals) = postSolution
		SolutionGuid = {40652750-A70A-4AAA-AB86-E9598C5137B0}
	EndGlobalSection
EndGlobal
